
Microsoft Visual Studio Solution File, Format Version 12.00
# Visual Studio Version 17
VisualStudioVersion = 17.9.34728.123
MinimumVisualStudioVersion = 10.0.40219.1
Project("{FAE04EC0-301F-11D3-BF4B-00C04F79EFBC}") = "test", "test.csproj", "{88099B55-15B8-4438-8315-5F792CDF4B9A}"
EndProject
Global
	GlobalSection(SolutionConfigurationPlatforms) = preSolution
		Debug|Any CPU = Debug|Any CPU
		Release|Any CPU = Release|Any CPU
	EndGlobalSection
	GlobalSection(ProjectConfigurationPlatforms) = postSolution
		{88099B55-15B8-4438-8315-5F792CDF4B9A}.Debug|Any CPU.ActiveCfg = Debug|Any CPU
		{88099B55-15B8-4438-8315-5F792CDF4B9A}.Debug|Any CPU.Build.0 = Debug|Any CPU
		{88099B55-15B8-4438-8315-5F792CDF4B9A}.Release|Any CPU.ActiveCfg = Release|Any CPU
		{88099B55-15B8-4438-8315-5F792CDF4B9A}.Release|Any CPU.Build.0 = Release|Any CPU
	EndGlobalSection
	GlobalSection(SolutionProperties) = preSolution
		HideSolutionNode = FALSE
	EndGlobalSection
	GlobalSection(ExtensibilityGlobals) = postSolution
		SolutionGuid = {22199187-B9B9-4FF7-B6C5-B5AB32F67C79}
	EndGlobalSection
EndGlobal
