
Microsoft Visual Studio Solution File, Format Version 12.00
# Visual Studio Version 17
VisualStudioVersion = 17.9.34728.123
MinimumVisualStudioVersion = 10.0.40219.1
Project("{FAE04EC0-301F-11D3-BF4B-00C04F79EFBC}") = "VdkK22CNT3Lesson11Db2210900032", "VdkK22CNT3Lesson11Db2210900032.csproj", "{4AAF9F49-3A2F-48D8-A7C3-1672B2253B9B}"
EndProject
Global
	GlobalSection(SolutionConfigurationPlatforms) = preSolution
		Debug|Any CPU = Debug|Any CPU
		Release|Any CPU = Release|Any CPU
	EndGlobalSection
	GlobalSection(ProjectConfigurationPlatforms) = postSolution
		{4AAF9F49-3A2F-48D8-A7C3-1672B2253B9B}.Debug|Any CPU.ActiveCfg = Debug|Any CPU
		{4AAF9F49-3A2F-48D8-A7C3-1672B2253B9B}.Debug|Any CPU.Build.0 = Debug|Any CPU
		{4AAF9F49-3A2F-48D8-A7C3-1672B2253B9B}.Release|Any CPU.ActiveCfg = Release|Any CPU
		{4AAF9F49-3A2F-48D8-A7C3-1672B2253B9B}.Release|Any CPU.Build.0 = Release|Any CPU
	EndGlobalSection
	GlobalSection(SolutionProperties) = preSolution
		HideSolutionNode = FALSE
	EndGlobalSection
	GlobalSection(ExtensibilityGlobals) = postSolution
		SolutionGuid = {5A736F48-1CB8-431B-A20E-DCEC7ECF1A82}
	EndGlobalSection
EndGlobal
