
Microsoft Visual Studio Solution File, Format Version 12.00
# Visual Studio Version 17
VisualStudioVersion = 17.9.34728.123
MinimumVisualStudioVersion = 10.0.40219.1
Project("{FAE04EC0-301F-11D3-BF4B-00C04F79EFBC}") = "VuDucKhoaK22CNT3Lesson12", "VuDucKhoaK22CNT3Lesson12.csproj", "{9BA15A31-E6FD-46EC-B932-223451C7C6A3}"
EndProject
Global
	GlobalSection(SolutionConfigurationPlatforms) = preSolution
		Debug|Any CPU = Debug|Any CPU
		Release|Any CPU = Release|Any CPU
	EndGlobalSection
	GlobalSection(ProjectConfigurationPlatforms) = postSolution
		{9BA15A31-E6FD-46EC-B932-223451C7C6A3}.Debug|Any CPU.ActiveCfg = Debug|Any CPU
		{9BA15A31-E6FD-46EC-B932-223451C7C6A3}.Debug|Any CPU.Build.0 = Debug|Any CPU
		{9BA15A31-E6FD-46EC-B932-223451C7C6A3}.Release|Any CPU.ActiveCfg = Release|Any CPU
		{9BA15A31-E6FD-46EC-B932-223451C7C6A3}.Release|Any CPU.Build.0 = Release|Any CPU
	EndGlobalSection
	GlobalSection(SolutionProperties) = preSolution
		HideSolutionNode = FALSE
	EndGlobalSection
	GlobalSection(ExtensibilityGlobals) = postSolution
		SolutionGuid = {2AA12B35-5FBF-464D-A379-6005615A3F6F}
	EndGlobalSection
EndGlobal
