
Microsoft Visual Studio Solution File, Format Version 12.00
# Visual Studio Version 17
VisualStudioVersion = 17.9.34728.123
MinimumVisualStudioVersion = 10.0.40219.1
Project("{FAE04EC0-301F-11D3-BF4B-00C04F79EFBC}") = "vdklesson04", "vdklesson04.csproj", "{C9704E6B-5D8A-4CEF-BCC1-DFDA1B2962D6}"
EndProject
Global
	GlobalSection(SolutionConfigurationPlatforms) = preSolution
		Debug|Any CPU = Debug|Any CPU
		Release|Any CPU = Release|Any CPU
	EndGlobalSection
	GlobalSection(ProjectConfigurationPlatforms) = postSolution
		{C9704E6B-5D8A-4CEF-BCC1-DFDA1B2962D6}.Debug|Any CPU.ActiveCfg = Debug|Any CPU
		{C9704E6B-5D8A-4CEF-BCC1-DFDA1B2962D6}.Debug|Any CPU.Build.0 = Debug|Any CPU
		{C9704E6B-5D8A-4CEF-BCC1-DFDA1B2962D6}.Release|Any CPU.ActiveCfg = Release|Any CPU
		{C9704E6B-5D8A-4CEF-BCC1-DFDA1B2962D6}.Release|Any CPU.Build.0 = Release|Any CPU
	EndGlobalSection
	GlobalSection(SolutionProperties) = preSolution
		HideSolutionNode = FALSE
	EndGlobalSection
	GlobalSection(ExtensibilityGlobals) = postSolution
		SolutionGuid = {09C45FFD-E2C0-4ACF-8317-AE206F20ADE1}
	EndGlobalSection
EndGlobal
