
Microsoft Visual Studio Solution File, Format Version 12.00
# Visual Studio Version 17
VisualStudioVersion = 17.9.34728.123
MinimumVisualStudioVersion = 10.0.40219.1
Project("{FAE04EC0-301F-11D3-BF4B-00C04F79EFBC}") = "prjSach", "prjSach.csproj", "{DBF25A2F-B665-4EE0-92AF-927AE70CACD5}"
EndProject
Global
	GlobalSection(SolutionConfigurationPlatforms) = preSolution
		Debug|Any CPU = Debug|Any CPU
		Release|Any CPU = Release|Any CPU
	EndGlobalSection
	GlobalSection(ProjectConfigurationPlatforms) = postSolution
		{DBF25A2F-B665-4EE0-92AF-927AE70CACD5}.Debug|Any CPU.ActiveCfg = Debug|Any CPU
		{DBF25A2F-B665-4EE0-92AF-927AE70CACD5}.Debug|Any CPU.Build.0 = Debug|Any CPU
		{DBF25A2F-B665-4EE0-92AF-927AE70CACD5}.Release|Any CPU.ActiveCfg = Release|Any CPU
		{DBF25A2F-B665-4EE0-92AF-927AE70CACD5}.Release|Any CPU.Build.0 = Release|Any CPU
	EndGlobalSection
	GlobalSection(SolutionProperties) = preSolution
		HideSolutionNode = FALSE
	EndGlobalSection
	GlobalSection(ExtensibilityGlobals) = postSolution
		SolutionGuid = {34CEBA0C-55F0-4A6F-922E-722B992D6E4D}
	EndGlobalSection
EndGlobal
